
Microsoft Visual Studio Solution File, Format Version 12.00
# Visual Studio 15
Project("{FAE04EC0-301F-11D3-BF4B-00C04F79EFBC}") = "GOD.EntryPoint", "GOD.EntryPoint.csproj", "{50E6A4A2-225A-4679-BF81-804E909634BE}"
EndProject
Global
	GlobalSection(SolutionConfigurationPlatforms) = preSolution
		Debug|Any CPU = Debug|Any CPU
		Release|Any CPU = Release|Any CPU
	EndGlobalSection
	GlobalSection(ProjectConfigurationPlatforms) = postSolution
		{50E6A4A2-225A-4679-BF81-804E909634BE}.Debug|Any CPU.ActiveCfg = Debug|Any CPU
		{50E6A4A2-225A-4679-BF81-804E909634BE}.Debug|Any CPU.Build.0 = Debug|Any CPU
		{50E6A4A2-225A-4679-BF81-804E909634BE}.Release|Any CPU.ActiveCfg = Release|Any CPU
		{50E6A4A2-225A-4679-BF81-804E909634BE}.Release|Any CPU.Build.0 = Release|Any CPU
	EndGlobalSection
EndGlobal
